
Microsoft Visual Studio Solution File, Format Version 12.00
# Visual Studio Version 16
VisualStudioVersion = 16.0.31702.278
MinimumVisualStudioVersion = 10.0.40219.1
Project("{FAE04EC0-301F-11D3-BF4B-00C04F79EFBC}") = "TugasDesainMenggunakanKomponenLayout", "TugasDesainMenggunakanKomponenLayout\TugasDesainMenggunakanKomponenLayout.csproj", "{5F08E87A-FB5A-4E82-ABBE-E822AEAB2DD9}"
EndProject
Global
	GlobalSection(SolutionConfigurationPlatforms) = preSolution
		Debug|Any CPU = Debug|Any CPU
		Release|Any CPU = Release|Any CPU
	EndGlobalSection
	GlobalSection(ProjectConfigurationPlatforms) = postSolution
		{5F08E87A-FB5A-4E82-ABBE-E822AEAB2DD9}.Debug|Any CPU.ActiveCfg = Debug|Any CPU
		{5F08E87A-FB5A-4E82-ABBE-E822AEAB2DD9}.Debug|Any CPU.Build.0 = Debug|Any CPU
		{5F08E87A-FB5A-4E82-ABBE-E822AEAB2DD9}.Release|Any CPU.ActiveCfg = Release|Any CPU
		{5F08E87A-FB5A-4E82-ABBE-E822AEAB2DD9}.Release|Any CPU.Build.0 = Release|Any CPU
	EndGlobalSection
	GlobalSection(SolutionProperties) = preSolution
		HideSolutionNode = FALSE
	EndGlobalSection
	GlobalSection(ExtensibilityGlobals) = postSolution
		SolutionGuid = {24A3A561-CB22-4F34-B541-C946FF0A5378}
	EndGlobalSection
EndGlobal
